github.com/Rakiiii/goBigIntLib v0.0.1 h1:fLvfXHGJPRtOwvLPp3056zwpfqgj8p5yypJa6LfYGsc=
github.com/Rakiiii/goBigIntLib v0.0.1/go.mod h1:EtKVccQqzLdysRb7IMBWFqKwE2au2aqRNOs5DkFhOtQ=
github.com/Rakiiii/goBoolMatrix v0.0.3 h1:w16Ipm7ZhhKKTIrv9Zf0Utd57DMdcXbEaoMYzmnpxnM=
github.com/Rakiiii/goBoolMatrix v0.0.3/go.mod h1:BEKx31Ac9edl1xLsE6BrH5Nl4ah1rkBLUPH4MN2OEYs=
github.com/Rakiiii/goBoolMatrix v0.0.4 h1:XCoOZXQP93mz9KBZfvU1NAOEvgcKlpQUw9eYNbCXINI=
github.com/Rakiiii/goBoolMatrix v0.0.4/go.mod h1:BEKx31Ac9edl1xLsE6BrH5Nl4ah1rkBLUPH4MN2OEYs=
github.com/Rakiiii/goBoolMatrix v0.0.5 h1:Xwg5DozQzH8CanRPcRY7W8KRW5utHNCsCTVnmKiYZ6U=
github.com/Rakiiii/goBoolMatrix v0.0.5/go.mod h1:BEKx31Ac9edl1xLsE6BrH5Nl4ah1rkBLUPH4MN2OEYs=
github.com/Rakiiii/goGraph v0.0.16 h1:w2WaeYQ1PrpH4uOtwaERjgv3UL8lGTppjLlncsQt3KY=
github.com/Rakiiii/goGraph v0.0.16/go.mod h1:bYAV6bGI3W/Q2pbO8wpCVywSbfjNNbvQ41WEdop3YAI=
